// !$*UTF8*$!
{
	archiveVersion = 1;
	classes = {
	};
	objectVersion = 50;
	objects = {

/* Begin PBXBuildFile section */
		F29CA19C28D6F54900B88ACD /* TimeItApp.swift in Sources */ = {isa = PBXBuildFile; fileRef = F29CA19B28D6F54900B88ACD /* TimeItApp.swift */; };
		F29CA19E28D6F54900B88ACD /* ContentView.swift in Sources */ = {isa = PBXBuildFile; fileRef = F29CA19D28D6F54900B88ACD /* ContentView.swift */; };
		F29CA1A028D6F54A00B88ACD /* Assets.xcassets in Resources */ = {isa = PBXBuildFile; fileRef = F29CA19F28D6F54A00B88ACD /* Assets.xcassets */; };
		F29CA1A328D6F54A00B88ACD /* Preview Assets.xcassets in Resources */ = {isa = PBXBuildFile; fileRef = F29CA1A228D6F54A00B88ACD /* Preview Assets.xcassets */; };
		F29CA1AE28D6F54A00B88ACD /* TimeItTests.swift in Sources */ = {isa = PBXBuildFile; fileRef = F29CA1AD28D6F54A00B88ACD /* TimeItTests.swift */; };
		F29CA1B928D6F54A00B88ACD /* TimeItUITests.swift in Sources */ = {isa = PBXBuildFile; fileRef = F29CA1B828D6F54A00B88ACD /* TimeItUITests.swift */; };
		F29CA1C728D6F62A00B88ACD /* InsightView.swift in Sources */ = {isa = PBXBuildFile; fileRef = F29CA1C628D6F62A00B88ACD /* InsightView.swift */; };
		F29CA1C928D6FA3A00B88ACD /* TimerView.swift in Sources */ = {isa = PBXBuildFile; fileRef = F29CA1C828D6FA3A00B88ACD /* TimerView.swift */; };
		F29CA1CB28D713F300B88ACD /* SideBar.swift in Sources */ = {isa = PBXBuildFile; fileRef = F29CA1CA28D713F300B88ACD /* SideBar.swift */; };
		F29CA1CD28D734D200B88ACD /* StopwatchView.swift in Sources */ = {isa = PBXBuildFile; fileRef = F29CA1CC28D734D200B88ACD /* StopwatchView.swift */; };
		F29CA1CF28D753F900B88ACD /* RecordManager.swift in Sources */ = {isa = PBXBuildFile; fileRef = F29CA1CE28D753F900B88ACD /* RecordManager.swift */; };
		F29CA1D128D8B9EF00B88ACD /* ProfileView.swift in Sources */ = {isa = PBXBuildFile; fileRef = F29CA1D028D8B9EF00B88ACD /* ProfileView.swift */; };
		F29CA1D328D8BDA300B88ACD /* DetailView.swift in Sources */ = {isa = PBXBuildFile; fileRef = F29CA1D228D8BDA300B88ACD /* DetailView.swift */; };
/* End PBXBuildFile section */

/* Begin PBXContainerItemProxy section */
		F29CA1AA28D6F54A00B88ACD /* PBXContainerItemProxy */ = {
			isa = PBXContainerItemProxy;
			containerPortal = F29CA19028D6F54900B88ACD /* Project object */;
			proxyType = 1;
			remoteGlobalIDString = F29CA19728D6F54900B88ACD;
			remoteInfo = TimeIt;
		};
		F29CA1B528D6F54A00B88ACD /* PBXContainerItemProxy */ = {
			isa = PBXContainerItemProxy;
			containerPortal = F29CA19028D6F54900B88ACD /* Project object */;
			proxyType = 1;
			remoteGlobalIDString = F29CA19728D6F54900B88ACD;
			remoteInfo = TimeIt;
		};
/* End PBXContainerItemProxy section */

/* Begin PBXFileReference section */
		F29CA19828D6F54900B88ACD /* TimeIt.app */ = {isa = PBXFileReference; explicitFileType = wrapper.application; includeInIndex = 0; path = TimeIt.app; sourceTree = BUILT_PRODUCTS_DIR; };
		F29CA19B28D6F54900B88ACD /* TimeItApp.swift */ = {isa = PBXFileReference; lastKnownFileType = sourcecode.swift; path = TimeItApp.swift; sourceTree = "<group>"; };
		F29CA19D28D6F54900B88ACD /* ContentView.swift */ = {isa = PBXFileReference; lastKnownFileType = sourcecode.swift; path = ContentView.swift; sourceTree = "<group>"; };
		F29CA19F28D6F54A00B88ACD /* Assets.xcassets */ = {isa = PBXFileReference; lastKnownFileType = folder.assetcatalog; path = Assets.xcassets; sourceTree = "<group>"; };
		F29CA1A228D6F54A00B88ACD /* Preview Assets.xcassets */ = {isa = PBXFileReference; lastKnownFileType = folder.assetcatalog; path = "Preview Assets.xcassets"; sourceTree = "<group>"; };
		F29CA1A428D6F54A00B88ACD /* Info.plist */ = {isa = PBXFileReference; lastKnownFileType = text.plist.xml; path = Info.plist; sourceTree = "<group>"; };
		F29CA1A928D6F54A00B88ACD /* TimeItTests.xctest */ = {isa = PBXFileReference; explicitFileType = wrapper.cfbundle; includeInIndex = 0; path = TimeItTests.xctest; sourceTree = BUILT_PRODUCTS_DIR; };
		F29CA1AD28D6F54A00B88ACD /* TimeItTests.swift */ = {isa = PBXFileReference; lastKnownFileType = sourcecode.swift; path = TimeItTests.swift; sourceTree = "<group>"; };
		F29CA1AF28D6F54A00B88ACD /* Info.plist */ = {isa = PBXFileReference; lastKnownFileType = text.plist.xml; path = Info.plist; sourceTree = "<group>"; };
		F29CA1B428D6F54A00B88ACD /* TimeItUITests.xctest */ = {isa = PBXFileReference; explicitFileType = wrapper.cfbundle; includeInIndex = 0; path = TimeItUITests.xctest; sourceTree = BUILT_PRODUCTS_DIR; };
		F29CA1B828D6F54A00B88ACD /* TimeItUITests.swift */ = {isa = PBXFileReference; lastKnownFileType = sourcecode.swift; path = TimeItUITests.swift; sourceTree = "<group>"; };
		F29CA1BA28D6F54A00B88ACD /* Info.plist */ = {isa = PBXFileReference; lastKnownFileType = text.plist.xml; path = Info.plist; sourceTree = "<group>"; };
		F29CA1C628D6F62A00B88ACD /* InsightView.swift */ = {isa = PBXFileReference; lastKnownFileType = sourcecode.swift; path = InsightView.swift; sourceTree = "<group>"; };
		F29CA1C828D6FA3A00B88ACD /* TimerView.swift */ = {isa = PBXFileReference; lastKnownFileType = sourcecode.swift; path = TimerView.swift; sourceTree = "<group>"; };
		F29CA1CA28D713F300B88ACD /* SideBar.swift */ = {isa = PBXFileReference; lastKnownFileType = sourcecode.swift; path = SideBar.swift; sourceTree = "<group>"; };
		F29CA1CC28D734D200B88ACD /* StopwatchView.swift */ = {isa = PBXFileReference; lastKnownFileType = sourcecode.swift; path = StopwatchView.swift; sourceTree = "<group>"; };
		F29CA1CE28D753F900B88ACD /* RecordManager.swift */ = {isa = PBXFileReference; lastKnownFileType = sourcecode.swift; path = RecordManager.swift; sourceTree = "<group>"; };
		F29CA1D028D8B9EF00B88ACD /* ProfileView.swift */ = {isa = PBXFileReference; lastKnownFileType = sourcecode.swift; path = ProfileView.swift; sourceTree = "<group>"; };
		F29CA1D228D8BDA300B88ACD /* DetailView.swift */ = {isa = PBXFileReference; lastKnownFileType = sourcecode.swift; path = DetailView.swift; sourceTree = "<group>"; };
/* End PBXFileReference section */

/* Begin PBXFrameworksBuildPhase section */
		F29CA19528D6F54900B88ACD /* Frameworks */ = {
			isa = PBXFrameworksBuildPhase;
			buildActionMask = 2147483647;
			files = (
			);
			runOnlyForDeploymentPostprocessing = 0;
		};
		F29CA1A628D6F54A00B88ACD /* Frameworks */ = {
			isa = PBXFrameworksBuildPhase;
			buildActionMask = 2147483647;
			files = (
			);
			runOnlyForDeploymentPostprocessing = 0;
		};
		F29CA1B128D6F54A00B88ACD /* Frameworks */ = {
			isa = PBXFrameworksBuildPhase;
			buildActionMask = 2147483647;
			files = (
			);
			runOnlyForDeploymentPostprocessing = 0;
		};
/* End PBXFrameworksBuildPhase section */

/* Begin PBXGroup section */
		F29CA18F28D6F54900B88ACD = {
			isa = PBXGroup;
			children = (
				F29CA19A28D6F54900B88ACD /* TimeIt */,
				F29CA1AC28D6F54A00B88ACD /* TimeItTests */,
				F29CA1B728D6F54A00B88ACD /* TimeItUITests */,
				F29CA19928D6F54900B88ACD /* Products */,
			);
			sourceTree = "<group>";
		};
		F29CA19928D6F54900B88ACD /* Products */ = {
			isa = PBXGroup;
			children = (
				F29CA19828D6F54900B88ACD /* TimeIt.app */,
				F29CA1A928D6F54A00B88ACD /* TimeItTests.xctest */,
				F29CA1B428D6F54A00B88ACD /* TimeItUITests.xctest */,
			);
			name = Products;
			sourceTree = "<group>";
		};
		F29CA19A28D6F54900B88ACD /* TimeIt */ = {
			isa = PBXGroup;
			children = (
				F29CA19B28D6F54900B88ACD /* TimeItApp.swift */,
				F29CA19D28D6F54900B88ACD /* ContentView.swift */,
				F29CA1C828D6FA3A00B88ACD /* TimerView.swift */,
				F29CA1CC28D734D200B88ACD /* StopwatchView.swift */,
				F29CA1CE28D753F900B88ACD /* RecordManager.swift */,
				F29CA1CA28D713F300B88ACD /* SideBar.swift */,
				F29CA1D028D8B9EF00B88ACD /* ProfileView.swift */,
				F29CA1D228D8BDA300B88ACD /* DetailView.swift */,
				F29CA1C628D6F62A00B88ACD /* InsightView.swift */,
				F29CA19F28D6F54A00B88ACD /* Assets.xcassets */,
				F29CA1A428D6F54A00B88ACD /* Info.plist */,
				F29CA1A128D6F54A00B88ACD /* Preview Content */,
			);
			path = TimeIt;
			sourceTree = "<group>";
		};
		F29CA1A128D6F54A00B88ACD /* Preview Content */ = {
			isa = PBXGroup;
			children = (
				F29CA1A228D6F54A00B88ACD /* Preview Assets.xcassets */,
			);
			path = "Preview Content";
			sourceTree = "<group>";
		};
		F29CA1AC28D6F54A00B88ACD /* TimeItTests */ = {
			isa = PBXGroup;
			children = (
				F29CA1AD28D6F54A00B88ACD /* TimeItTests.swift */,
				F29CA1AF28D6F54A00B88ACD /* Info.plist */,
			);
			path = TimeItTests;
			sourceTree = "<group>";
		};
		F29CA1B728D6F54A00B88ACD /* TimeItUITests */ = {
			isa = PBXGroup;
			children = (
				F29CA1B828D6F54A00B88ACD /* TimeItUITests.swift */,
				F29CA1BA28D6F54A00B88ACD /* Info.plist */,
			);
			path = TimeItUITests;
			sourceTree = "<group>";
		};
/* End PBXGroup section */

/* Begin PBXNativeTarget section */
		F29CA19728D6F54900B88ACD /* TimeIt */ = {
			isa = PBXNativeTarget;
			buildConfigurationList = F29CA1BD28D6F54A00B88ACD /* Build configuration list for PBXNativeTarget "TimeIt" */;
			buildPhases = (
				F29CA19428D6F54900B88ACD /* Sources */,
				F29CA19528D6F54900B88ACD /* Frameworks */,
				F29CA19628D6F54900B88ACD /* Resources */,
			);
			buildRules = (
			);
			dependencies = (
			);
			name = TimeIt;
			productName = TimeIt;
			productReference = F29CA19828D6F54900B88ACD /* TimeIt.app */;
			productType = "com.apple.product-type.application";
		};
		F29CA1A828D6F54A00B88ACD /* TimeItTests */ = {
			isa = PBXNativeTarget;
			buildConfigurationList = F29CA1C028D6F54A00B88ACD /* Build configuration list for PBXNativeTarget "TimeItTests" */;
			buildPhases = (
				F29CA1A528D6F54A00B88ACD /* Sources */,
				F29CA1A628D6F54A00B88ACD /* Frameworks */,
				F29CA1A728D6F54A00B88ACD /* Resources */,
			);
			buildRules = (
			);
			dependencies = (
				F29CA1AB28D6F54A00B88ACD /* PBXTargetDependency */,
			);
			name = TimeItTests;
			productName = TimeItTests;
			productReference = F29CA1A928D6F54A00B88ACD /* TimeItTests.xctest */;
			productType = "com.apple.product-type.bundle.unit-test";
		};
		F29CA1B328D6F54A00B88ACD /* TimeItUITests */ = {
			isa = PBXNativeTarget;
			buildConfigurationList = F29CA1C328D6F54A00B88ACD /* Build configuration list for PBXNativeTarget "TimeItUITests" */;
			buildPhases = (
				F29CA1B028D6F54A00B88ACD /* Sources */,
				F29CA1B128D6F54A00B88ACD /* Frameworks */,
				F29CA1B228D6F54A00B88ACD /* Resources */,
			);
			buildRules = (
			);
			dependencies = (
				F29CA1B628D6F54A00B88ACD /* PBXTargetDependency */,
			);
			name = TimeItUITests;
			productName = TimeItUITests;
			productReference = F29CA1B428D6F54A00B88ACD /* TimeItUITests.xctest */;
			productType = "com.apple.product-type.bundle.ui-testing";
		};
/* End PBXNativeTarget section */

/* Begin PBXProject section */
		F29CA19028D6F54900B88ACD /* Project object */ = {
			isa = PBXProject;
			attributes = {
				LastSwiftUpdateCheck = 1250;
				LastUpgradeCheck = 1250;
				TargetAttributes = {
					F29CA19728D6F54900B88ACD = {
						CreatedOnToolsVersion = 12.5.1;
					};
					F29CA1A828D6F54A00B88ACD = {
						CreatedOnToolsVersion = 12.5.1;
						TestTargetID = F29CA19728D6F54900B88ACD;
					};
					F29CA1B328D6F54A00B88ACD = {
						CreatedOnToolsVersion = 12.5.1;
						TestTargetID = F29CA19728D6F54900B88ACD;
					};
				};
			};
			buildConfigurationList = F29CA19328D6F54900B88ACD /* Build configuration list for PBXProject "TimeIt" */;
			compatibilityVersion = "Xcode 9.3";
			developmentRegion = en;
			hasScannedForEncodings = 0;
			knownRegions = (
				en,
				Base,
			);
			mainGroup = F29CA18F28D6F54900B88ACD;
			productRefGroup = F29CA19928D6F54900B88ACD /* Products */;
			projectDirPath = "";
			projectRoot = "";
			targets = (
				F29CA19728D6F54900B88ACD /* TimeIt */,
				F29CA1A828D6F54A00B88ACD /* TimeItTests */,
				F29CA1B328D6F54A00B88ACD /* TimeItUITests */,
			);
		};
/* End PBXProject section */

/* Begin PBXResourcesBuildPhase section */
		F29CA19628D6F54900B88ACD /* Resources */ = {
			isa = PBXResourcesBuildPhase;
			buildActionMask = 2147483647;
			files = (
				F29CA1A328D6F54A00B88ACD /* Preview Assets.xcassets in Resources */,
				F29CA1A028D6F54A00B88ACD /* Assets.xcassets in Resources */,
			);
			runOnlyForDeploymentPostprocessing = 0;
		};
		F29CA1A728D6F54A00B88ACD /* Resources */ = {
			isa = PBXResourcesBuildPhase;
			buildActionMask = 2147483647;
			files = (
			);
			runOnlyForDeploymentPostprocessing = 0;
		};
		F29CA1B228D6F54A00B88ACD /* Resources */ = {
			isa = PBXResourcesBuildPhase;
			buildActionMask = 2147483647;
			files = (
			);
			runOnlyForDeploymentPostprocessing = 0;
		};
/* End PBXResourcesBuildPhase section */

/* Begin PBXSourcesBuildPhase section */
		F29CA19428D6F54900B88ACD /* Sources */ = {
			isa = PBXSourcesBuildPhase;
			buildActionMask = 2147483647;
			files = (
				F29CA1D128D8B9EF00B88ACD /* ProfileView.swift in Sources */,
				F29CA1D328D8BDA300B88ACD /* DetailView.swift in Sources */,
				F29CA1CB28D713F300B88ACD /* SideBar.swift in Sources */,
				F29CA1C728D6F62A00B88ACD /* InsightView.swift in Sources */,
				F29CA1CD28D734D200B88ACD /* StopwatchView.swift in Sources */,
				F29CA19E28D6F54900B88ACD /* ContentView.swift in Sources */,
				F29CA1C928D6FA3A00B88ACD /* TimerView.swift in Sources */,
				F29CA1CF28D753F900B88ACD /* RecordManager.swift in Sources */,
				F29CA19C28D6F54900B88ACD /* TimeItApp.swift in Sources */,
			);
			runOnlyForDeploymentPostprocessing = 0;
		};
		F29CA1A528D6F54A00B88ACD /* Sources */ = {
			isa = PBXSourcesBuildPhase;
			buildActionMask = 2147483647;
			files = (
				F29CA1AE28D6F54A00B88ACD /* TimeItTests.swift in Sources */,
			);
			runOnlyForDeploymentPostprocessing = 0;
		};
		F29CA1B028D6F54A00B88ACD /* Sources */ = {
			isa = PBXSourcesBuildPhase;
			buildActionMask = 2147483647;
			files = (
				F29CA1B928D6F54A00B88ACD /* TimeItUITests.swift in Sources */,
			);
			runOnlyForDeploymentPostprocessing = 0;
		};
/* End PBXSourcesBuildPhase section */

/* Begin PBXTargetDependency section */
		F29CA1AB28D6F54A00B88ACD /* PBXTargetDependency */ = {
			isa = PBXTargetDependency;
			target = F29CA19728D6F54900B88ACD /* TimeIt */;
			targetProxy = F29CA1AA28D6F54A00B88ACD /* PBXContainerItemProxy */;
		};
		F29CA1B628D6F54A00B88ACD /* PBXTargetDependency */ = {
			isa = PBXTargetDependency;
			target = F29CA19728D6F54900B88ACD /* TimeIt */;
			targetProxy = F29CA1B528D6F54A00B88ACD /* PBXContainerItemProxy */;
		};
/* End PBXTargetDependency section */

/* Begin XCBuildConfiguration section */
		F29CA1BB28D6F54A00B88ACD /* Debug */ = {
			isa = XCBuildConfiguration;
			buildSettings = {
				ALWAYS_SEARCH_USER_PATHS = NO;
				CLANG_ANALYZER_NONNULL = YES;
				CLANG_ANALYZER_NUMBER_OBJECT_CONVERSION = YES_AGGRESSIVE;
				CLANG_CXX_LANGUAGE_STANDARD = "gnu++14";
				CLANG_CXX_LIBRARY = "libc++";
				CLANG_ENABLE_MODULES = YES;
				CLANG_ENABLE_OBJC_ARC = YES;
				CLANG_ENABLE_OBJC_WEAK = YES;
				CLANG_WARN_BLOCK_CAPTURE_AUTORELEASING = YES;
				CLANG_WARN_BOOL_CONVERSION = YES;
				CLANG_WARN_COMMA = YES;
				CLANG_WARN_CONSTANT_CONVERSION = YES;
				CLANG_WARN_DEPRECATED_OBJC_IMPLEMENTATIONS = YES;
				CLANG_WARN_DIRECT_OBJC_ISA_USAGE = YES_ERROR;
				CLANG_WARN_DOCUMENTATION_COMMENTS = YES;
				CLANG_WARN_EMPTY_BODY = YES;
				CLANG_WARN_ENUM_CONVERSION = YES;
				CLANG_WARN_INFINITE_RECURSION = YES;
				CLANG_WARN_INT_CONVERSION = YES;
				CLANG_WARN_NON_LITERAL_NULL_CONVERSION = YES;
				CLANG_WARN_OBJC_IMPLICIT_RETAIN_SELF = YES;
				CLANG_WARN_OBJC_LITERAL_CONVERSION = YES;
				CLANG_WARN_OBJC_ROOT_CLASS = YES_ERROR;
				CLANG_WARN_QUOTED_INCLUDE_IN_FRAMEWORK_HEADER = YES;
				CLANG_WARN_RANGE_LOOP_ANALYSIS = YES;
				CLANG_WARN_STRICT_PROTOTYPES = YES;
				CLANG_WARN_SUSPICIOUS_MOVE = YES;
				CLANG_WARN_UNGUARDED_AVAILABILITY = YES_AGGRESSIVE;
				CLANG_WARN_UNREACHABLE_CODE = YES;
				CLANG_WARN__DUPLICATE_METHOD_MATCH = YES;
				COPY_PHASE_STRIP = NO;
				DEBUG_INFORMATION_FORMAT = dwarf;
				ENABLE_STRICT_OBJC_MSGSEND = YES;
				ENABLE_TESTABILITY = YES;
				GCC_C_LANGUAGE_STANDARD = gnu11;
				GCC_DYNAMIC_NO_PIC = NO;
				GCC_NO_COMMON_BLOCKS = YES;
				GCC_OPTIMIZATION_LEVEL = 0;
				GCC_PREPROCESSOR_DEFINITIONS = (
					"DEBUG=1",
					"$(inherited)",
				);
				GCC_WARN_64_TO_32_BIT_CONVERSION = YES;
				GCC_WARN_ABOUT_RETURN_TYPE = YES_ERROR;
				GCC_WARN_UNDECLARED_SELECTOR = YES;
				GCC_WARN_UNINITIALIZED_AUTOS = YES_AGGRESSIVE;
				GCC_WARN_UNUSED_FUNCTION = YES;
				GCC_WARN_UNUSED_VARIABLE = YES;
				IPHONEOS_DEPLOYMENT_TARGET = 14.5;
				MTL_ENABLE_DEBUG_INFO = INCLUDE_SOURCE;
				MTL_FAST_MATH = YES;
				ONLY_ACTIVE_ARCH = YES;
				SDKROOT = iphoneos;
				SWIFT_ACTIVE_COMPILATION_CONDITIONS = DEBUG;
				SWIFT_OPTIMIZATION_LEVEL = "-Onone";
			};
			name = Debug;
		};
		F29CA1BC28D6F54A00B88ACD /* Release */ = {
			isa = XCBuildConfiguration;
			buildSettings = {
				ALWAYS_SEARCH_USER_PATHS = NO;
				CLANG_ANALYZER_NONNULL = YES;
				CLANG_ANALYZER_NUMBER_OBJECT_CONVERSION = YES_AGGRESSIVE;
				CLANG_CXX_LANGUAGE_STANDARD = "gnu++14";
				CLANG_CXX_LIBRARY = "libc++";
				CLANG_ENABLE_MODULES = YES;
				CLANG_ENABLE_OBJC_ARC = YES;
				CLANG_ENABLE_OBJC_WEAK = YES;
				CLANG_WARN_BLOCK_CAPTURE_AUTORELEASING = YES;
				CLANG_WARN_BOOL_CONVERSION = YES;
				CLANG_WARN_COMMA = YES;
				CLANG_WARN_CONSTANT_CONVERSION = YES;
				CLANG_WARN_DEPRECATED_OBJC_IMPLEMENTATIONS = YES;
				CLANG_WARN_DIRECT_OBJC_ISA_USAGE = YES_ERROR;
				CLANG_WARN_DOCUMENTATION_COMMENTS = YES;
				CLANG_WARN_EMPTY_BODY = YES;
				CLANG_WARN_ENUM_CONVERSION = YES;
				CLANG_WARN_INFINITE_RECURSION = YES;
				CLANG_WARN_INT_CONVERSION = YES;
				CLANG_WARN_NON_LITERAL_NULL_CONVERSION = YES;
				CLANG_WARN_OBJC_IMPLICIT_RETAIN_SELF = YES;
				CLANG_WARN_OBJC_LITERAL_CONVERSION = YES;
				CLANG_WARN_OBJC_ROOT_CLASS = YES_ERROR;
				CLANG_WARN_QUOTED_INCLUDE_IN_FRAMEWORK_HEADER = YES;
				CLANG_WARN_RANGE_LOOP_ANALYSIS = YES;
				CLANG_WARN_STRICT_PROTOTYPES = YES;
				CLANG_WARN_SUSPICIOUS_MOVE = YES;
				CLANG_WARN_UNGUARDED_AVAILABILITY = YES_AGGRESSIVE;
				CLANG_WARN_UNREACHABLE_CODE = YES;
				CLANG_WARN__DUPLICATE_METHOD_MATCH = YES;
				COPY_PHASE_STRIP = NO;
				DEBUG_INFORMATION_FORMAT = "dwarf-with-dsym";
				ENABLE_NS_ASSERTIONS = NO;
				ENABLE_STRICT_OBJC_MSGSEND = YES;
				GCC_C_LANGUAGE_STANDARD = gnu11;
				GCC_NO_COMMON_BLOCKS = YES;
				GCC_WARN_64_TO_32_BIT_CONVERSION = YES;
				GCC_WARN_ABOUT_RETURN_TYPE = YES_ERROR;
				GCC_WARN_UNDECLARED_SELECTOR = YES;
				GCC_WARN_UNINITIALIZED_AUTOS = YES_AGGRESSIVE;
				GCC_WARN_UNUSED_FUNCTION = YES;
				GCC_WARN_UNUSED_VARIABLE = YES;
				IPHONEOS_DEPLOYMENT_TARGET = 14.5;
				MTL_ENABLE_DEBUG_INFO = NO;
				MTL_FAST_MATH = YES;
				SDKROOT = iphoneos;
				SWIFT_COMPILATION_MODE = wholemodule;
				SWIFT_OPTIMIZATION_LEVEL = "-O";
				VALIDATE_PRODUCT = YES;
			};
			name = Release;
		};
		F29CA1BE28D6F54A00B88ACD /* Debug */ = {
			isa = XCBuildConfiguration;
			buildSettings = {
				ASSETCATALOG_COMPILER_APPICON_NAME = AppIcon;
				ASSETCATALOG_COMPILER_GLOBAL_ACCENT_COLOR_NAME = AccentColor;
				CODE_SIGN_STYLE = Automatic;
				DEVELOPMENT_ASSET_PATHS = "\"TimeIt/Preview Content\"";
				DEVELOPMENT_TEAM = F78TN7JU9R;
				ENABLE_PREVIEWS = YES;
				INFOPLIST_FILE = TimeIt/Info.plist;
				IPHONEOS_DEPLOYMENT_TARGET = 15.0;
				LD_RUNPATH_SEARCH_PATHS = (
					"$(inherited)",
					"@executable_path/Frameworks",
				);
				PRODUCT_BUNDLE_IDENTIFIER = in.pseudocoder.TimeIt;
				PRODUCT_NAME = "$(TARGET_NAME)";
				SWIFT_VERSION = 5.0;
				TARGETED_DEVICE_FAMILY = "1,2";
			};
			name = Debug;
		};
		F29CA1BF28D6F54A00B88ACD /* Release */ = {
			isa = XCBuildConfiguration;
			buildSettings = {
				ASSETCATALOG_COMPILER_APPICON_NAME = AppIcon;
				ASSETCATALOG_COMPILER_GLOBAL_ACCENT_COLOR_NAME = AccentColor;
				CODE_SIGN_STYLE = Automatic;
				DEVELOPMENT_ASSET_PATHS = "\"TimeIt/Preview Content\"";
				DEVELOPMENT_TEAM = F78TN7JU9R;
				ENABLE_PREVIEWS = YES;
				INFOPLIST_FILE = TimeIt/Info.plist;
				IPHONEOS_DEPLOYMENT_TARGET = 15.0;
				LD_RUNPATH_SEARCH_PATHS = (
					"$(inherited)",
					"@executable_path/Frameworks",
				);
				PRODUCT_BUNDLE_IDENTIFIER = in.pseudocoder.TimeIt;
				PRODUCT_NAME = "$(TARGET_NAME)";
				SWIFT_VERSION = 5.0;
				TARGETED_DEVICE_FAMILY = "1,2";
			};
			name = Release;
		};
		F29CA1C128D6F54A00B88ACD /* Debug */ = {
			isa = XCBuildConfiguration;
			buildSettings = {
				ALWAYS_EMBED_SWIFT_STANDARD_LIBRARIES = YES;
				BUNDLE_LOADER = "$(TEST_HOST)";
				CODE_SIGN_STYLE = Automatic;
				DEVELOPMENT_TEAM = F78TN7JU9R;
				INFOPLIST_FILE = TimeItTests/Info.plist;
				IPHONEOS_DEPLOYMENT_TARGET = 14.0;
				LD_RUNPATH_SEARCH_PATHS = (
					"$(inherited)",
					"@executable_path/Frameworks",
					"@loader_path/Frameworks",
				);
				PRODUCT_BUNDLE_IDENTIFIER = in.pseudocoder.TimeItTests;
				PRODUCT_NAME = "$(TARGET_NAME)";
				SWIFT_VERSION = 5.0;
				TARGETED_DEVICE_FAMILY = "1,2";
				TEST_HOST = "$(BUILT_PRODUCTS_DIR)/TimeIt.app/TimeIt";
			};
			name = Debug;
		};
		F29CA1C228D6F54A00B88ACD /* Release */ = {
			isa = XCBuildConfiguration;
			buildSettings = {
				ALWAYS_EMBED_SWIFT_STANDARD_LIBRARIES = YES;
				BUNDLE_LOADER = "$(TEST_HOST)";
				CODE_SIGN_STYLE = Automatic;
				DEVELOPMENT_TEAM = F78TN7JU9R;
				INFOPLIST_FILE = TimeItTests/Info.plist;
				IPHONEOS_DEPLOYMENT_TARGET = 14.0;
				LD_RUNPATH_SEARCH_PATHS = (
					"$(inherited)",
					"@executable_path/Frameworks",
					"@loader_path/Frameworks",
				);
				PRODUCT_BUNDLE_IDENTIFIER = in.pseudocoder.TimeItTests;
				PRODUCT_NAME = "$(TARGET_NAME)";
				SWIFT_VERSION = 5.0;
				TARGETED_DEVICE_FAMILY = "1,2";
				TEST_HOST = "$(BUILT_PRODUCTS_DIR)/TimeIt.app/TimeIt";
			};
			name = Release;
		};
		F29CA1C428D6F54A00B88ACD /* Debug */ = {
			isa = XCBuildConfiguration;
			buildSettings = {
				ALWAYS_EMBED_SWIFT_STANDARD_LIBRARIES = YES;
				CODE_SIGN_STYLE = Automatic;
				DEVELOPMENT_TEAM = F78TN7JU9R;
				INFOPLIST_FILE = TimeItUITests/Info.plist;
				LD_RUNPATH_SEARCH_PATHS = (
					"$(inherited)",
					"@executable_path/Frameworks",
					"@loader_path/Frameworks",
				);
				PRODUCT_BUNDLE_IDENTIFIER = in.pseudocoder.TimeItUITests;
				PRODUCT_NAME = "$(TARGET_NAME)";
				SWIFT_VERSION = 5.0;
				TARGETED_DEVICE_FAMILY = "1,2";
				TEST_TARGET_NAME = TimeIt;
			};
			name = Debug;
		};
		F29CA1C528D6F54A00B88ACD /* Release */ = {
			isa = XCBuildConfiguration;
			buildSettings = {
				ALWAYS_EMBED_SWIFT_STANDARD_LIBRARIES = YES;
				CODE_SIGN_STYLE = Automatic;
				DEVELOPMENT_TEAM = F78TN7JU9R;
				INFOPLIST_FILE = TimeItUITests/Info.plist;
				LD_RUNPATH_SEARCH_PATHS = (
					"$(inherited)",
					"@executable_path/Frameworks",
					"@loader_path/Frameworks",
				);
				PRODUCT_BUNDLE_IDENTIFIER = in.pseudocoder.TimeItUITests;
				PRODUCT_NAME = "$(TARGET_NAME)";
				SWIFT_VERSION = 5.0;
				TARGETED_DEVICE_FAMILY = "1,2";
				TEST_TARGET_NAME = TimeIt;
			};
			name = Release;
		};
/* End XCBuildConfiguration section */

/* Begin XCConfigurationList section */
		F29CA19328D6F54900B88ACD /* Build configuration list for PBXProject "TimeIt" */ = {
			isa = XCConfigurationList;
			buildConfigurations = (
				F29CA1BB28D6F54A00B88ACD /* Debug */,
				F29CA1BC28D6F54A00B88ACD /* Release */,
			);
			defaultConfigurationIsVisible = 0;
			defaultConfigurationName = Release;
		};
		F29CA1BD28D6F54A00B88ACD /* Build configuration list for PBXNativeTarget "TimeIt" */ = {
			isa = XCConfigurationList;
			buildConfigurations = (
				F29CA1BE28D6F54A00B88ACD /* Debug */,
				F29CA1BF28D6F54A00B88ACD /* Release */,
			);
			defaultConfigurationIsVisible = 0;
			defaultConfigurationName = Release;
		};
		F29CA1C028D6F54A00B88ACD /* Build configuration list for PBXNativeTarget "TimeItTests" */ = {
			isa = XCConfigurationList;
			buildConfigurations = (
				F29CA1C128D6F54A00B88ACD /* Debug */,
				F29CA1C228D6F54A00B88ACD /* Release */,
			);
			defaultConfigurationIsVisible = 0;
			defaultConfigurationName = Release;
		};
		F29CA1C328D6F54A00B88ACD /* Build configuration list for PBXNativeTarget "TimeItUITests" */ = {
			isa = XCConfigurationList;
			buildConfigurations = (
				F29CA1C428D6F54A00B88ACD /* Debug */,
				F29CA1C528D6F54A00B88ACD /* Release */,
			);
			defaultConfigurationIsVisible = 0;
			defaultConfigurationName = Release;
		};
/* End XCConfigurationList section */
	};
	rootObject = F29CA19028D6F54900B88ACD /* Project object */;
}
